
Microsoft Visual Studio Solution File, Format Version 11.00
# Visual Studio 2010
Project("{2150E333-8FDC-42A3-9474-1A3956D46DE8}") = "cfg", "cfg", "{0F42F496-1E9C-41FE-A833-E8A6B0F77F84}"
	ProjectSection(SolutionItems) = preProject
		cfg\CFG_SortEngine.xml = cfg\CFG_SortEngine.xml
		cfg\CFG_SvcMonitor.xml = cfg\CFG_SvcMonitor.xml
		cfg\CFG_Telegrams.xml = cfg\CFG_Telegrams.xml
	EndProjectSection
EndProject
Project("{2150E333-8FDC-42A3-9474-1A3956D46DE8}") = "doc", "doc", "{895B4C36-4F57-44F2-BF3B-6C41FCED4E06}"
	ProjectSection(SolutionItems) = preProject
		doc\Interface Specification\BHS-504-10-1.01 IS_AP_TCPServer2Client.pdf = doc\Interface Specification\BHS-504-10-1.01 IS_AP_TCPServer2Client.pdf
		doc\Interface Specification\IR-102-08-1.00 IS_TP_EIP&CIP.pdf = doc\Interface Specification\IR-102-08-1.00 IS_TP_EIP&CIP.pdf
		doc\Interface Specification\PGL-105-07-1.01 FDS_PALS MessageRouter.pdf = doc\Interface Specification\PGL-105-07-1.01 FDS_PALS MessageRouter.pdf
	EndProjectSection
EndProject
Project("{2150E333-8FDC-42A3-9474-1A3956D46DE8}") = "Services", "Services", "{17790B59-F9C3-4E44-84B8-286B6D82FEDC}"
EndProject
Project("{2150E333-8FDC-42A3-9474-1A3956D46DE8}") = "scripts", "scripts", "{640B27BB-4E71-4547-8330-75B0A331F78C}"
EndProject
Project("{2150E333-8FDC-42A3-9474-1A3956D46DE8}") = "SQL Scripts", "SQL Scripts", "{C3643E4F-502B-408F-BE3F-1375317E89B4}"
EndProject
Project("{2150E333-8FDC-42A3-9474-1A3956D46DE8}") = "Windows Scripts", "Windows Scripts", "{42BC7694-30D5-4908-9E4E-36D5AF41AC93}"
EndProject
Project("{2150E333-8FDC-42A3-9474-1A3956D46DE8}") = "tests", "tests", "{DE2E8B16-8553-4AA0-A833-9A58C98CDC8A}"
EndProject
Project("{2150E333-8FDC-42A3-9474-1A3956D46DE8}") = "Solution Items", "Solution Items", "{EC567490-F783-468A-BEF6-40E7833B7F66}"
	ProjectSection(SolutionItems) = preProject
		ReleaseHistory.txt = ReleaseHistory.txt
	EndProjectSection
EndProject
Project("{2150E333-8FDC-42A3-9474-1A3956D46DE8}") = "src", "src", "{9F95D00A-A35E-4A14-8768-42039A026B9C}"
EndProject
Project("{2150E333-8FDC-42A3-9474-1A3956D46DE8}") = "BHS", "BHS", "{34F45B7B-7848-4EC6-AD42-0170481D9A5C}"
EndProject
Project("{FAE04EC0-301F-11D3-BF4B-00C04F79EFBC}") = "BHS", "src\BHS\BHS.csproj", "{93B10386-19F1-4F78-8B4E-E7EBBC95E516}"
EndProject
Project("{FAE04EC0-301F-11D3-BF4B-00C04F79EFBC}") = "Test_SAC2PLCGW", "tests\Test_SAC2PLCGW\Test_SAC2PLCGW.csproj", "{0FFA4B55-23B1-457C-A394-08634019BB35}"
EndProject
Project("{FAE04EC0-301F-11D3-BF4B-00C04F79EFBC}") = "Test_SortEngine", "tests\Test_SortEngine\Test_SortEngine.csproj", "{11526248-E580-4A0F-B99B-624F7F7A7407}"
EndProject
Project("{FAE04EC0-301F-11D3-BF4B-00C04F79EFBC}") = "PALS.SortEngine", "src\Services\PALS.SortEngine\PALS.SortEngine.csproj", "{01526324-97A4-46B5-A7D6-D2EFA739EDC4}"
EndProject
Project("{F184B08F-C81C-45F6-A57F-5ABD9991F28F}") = "BHS.Net", "src\BHS.Net\BHS.Net.vbproj", "{BFFD800E-B304-4A5E-BF45-9F8FCF9A1045}"
EndProject
Project("{FAE04EC0-301F-11D3-BF4B-00C04F79EFBC}") = "PALS.SvcMonitor", "src\Services\PALS.SvcMonitor\PALS.SvcMonitor.csproj", "{3AFB7D51-7499-4740-8F0F-3EAEDA378C29}"
EndProject
Project("{FAE04EC0-301F-11D3-BF4B-00C04F79EFBC}") = "PALS.PLCEM2GW", "src\Services\PALS.SCPLCEM2GW\PALS.PLCEM2GW.csproj", "{822CC719-1CD2-41AE-9A80-9C8E5758B599}"
EndProject
Project("{FAE04EC0-301F-11D3-BF4B-00C04F79EFBC}") = "PALS.PLCEM1GW", "src\Services\PALS.SCPLCEM1GW\PALS.PLCEM1GW.csproj", "{CB7ECBFF-A4B0-4E8E-A462-F56088DA87B6}"
EndProject
Project("{FAE04EC0-301F-11D3-BF4B-00C04F79EFBC}") = "PALS.PLCEM3GW", "src\Services\PALS.SCPLCEM3GW\PALS.PLCEM3GW.csproj", "{24B859F7-E952-49F3-AA85-2FDF039AFCEF}"
EndProject
Project("{FAE04EC0-301F-11D3-BF4B-00C04F79EFBC}") = "PALS.PLCEM4GW", "src\Services\PALS.SCPLCEM4GW\PALS.PLCEM4GW.csproj", "{7BFA0D99-B49A-4B2D-9AE0-C4105E38ACEF}"
EndProject
Project("{FAE04EC0-301F-11D3-BF4B-00C04F79EFBC}") = "PALS.PLCOS1GW", "src\Services\PALS.SCPLCOS1GW\PALS.PLCOS1GW.csproj", "{CAC8D697-71CF-4B1D-9555-E1DC82FFE5F5}"
EndProject
Project("{FAE04EC0-301F-11D3-BF4B-00C04F79EFBC}") = "PALS.PLCSM1GW", "src\Services\PALS.SCPLCSM1GW\PALS.PLCSM1GW.csproj", "{8B967B28-2656-4507-8B5C-A50839051111}"
EndProject
Project("{FAE04EC0-301F-11D3-BF4B-00C04F79EFBC}") = "PALS.PLCSM2GW", "src\Services\PALS.SCPLCSM2GW\PALS.PLCSM2GW.csproj", "{AD070F94-A59E-476C-B60D-D7839BAB1206}"
EndProject
Project("{FAE04EC0-301F-11D3-BF4B-00C04F79EFBC}") = "PALS.PLCSM3GW", "src\Services\PALS.SCPLCSM3GW\PALS.PLCSM3GW.csproj", "{3A0D34F3-7656-4AFF-9AA0-2BEFA23E26EF}"
EndProject
Project("{FAE04EC0-301F-11D3-BF4B-00C04F79EFBC}") = "PALS.PLCSM4GW", "src\Services\PALS.SCPLCSM4GW\PALS.PLCSM4GW.csproj", "{CFA0C980-34D6-4F91-8D77-BEFA7D7A3331}"
EndProject
Project("{FAE04EC0-301F-11D3-BF4B-00C04F79EFBC}") = "PALS.PLCSM5GW", "src\Services\PALS.SCPLCSM5GW\PALS.PLCSM5GW.csproj", "{7A500DE0-FF53-4827-85F4-F72C0EE71326}"
EndProject
Project("{FAE04EC0-301F-11D3-BF4B-00C04F79EFBC}") = "PALS.PLCWM1GW", "src\Services\PALS.SCPLCWM1GW\PALS.PLCWM1GW.csproj", "{2DF4F1A9-DE89-43BC-B8A0-D1B541852633}"
EndProject
Project("{FAE04EC0-301F-11D3-BF4B-00C04F79EFBC}") = "PALS.PLCWM2GW", "src\Services\PALS.SCPLCWM2GW\PALS.PLCWM2GW.csproj", "{E8800302-13C7-4B43-9B0E-4C1C96E45E52}"
EndProject
Project("{FAE04EC0-301F-11D3-BF4B-00C04F79EFBC}") = "PALS.PLCWM3GW", "src\Services\PALS.SCPLCWM3GW\PALS.PLCWM3GW.csproj", "{A6B4A9B0-024D-4A9F-8B6F-9226F587943D}"
EndProject
Project("{FAE04EC0-301F-11D3-BF4B-00C04F79EFBC}") = "PALS.PLCEA1GW", "src\Services\PALS.PLCEA1GW\PALS.PLCEA1GW.csproj", "{B3C057B5-FDCA-451D-8019-F2CAB68E908F}"
EndProject
Project("{FAE04EC0-301F-11D3-BF4B-00C04F79EFBC}") = "PALS.PLCET1GW", "src\Services\PALS.PLCET1GW\PALS.PLCET1GW.csproj", "{F4E47865-668A-4362-9201-6EDD31393F39}"
EndProject
Project("{FAE04EC0-301F-11D3-BF4B-00C04F79EFBC}") = "PALS.PLCET2GW", "src\Services\PALS.PLCET2GW\PALS.PLCET2GW.csproj", "{FB39C04E-5E9D-4A69-9022-8743FB1A3B95}"
EndProject
Project("{FAE04EC0-301F-11D3-BF4B-00C04F79EFBC}") = "PALS.PLCET3GW", "src\Services\PALS.PLCET3GW\PALS.PLCET3GW.csproj", "{F6EED96F-8169-4E4D-AFA7-EFA00B4DFC21}"
EndProject
Project("{FAE04EC0-301F-11D3-BF4B-00C04F79EFBC}") = "PALS.PLCWA1GW", "src\Services\PALS.PLCWA1GW\PALS.PLCWA1GW.csproj", "{E43A50C9-F125-4B80-A26E-4135E2551537}"
EndProject
Project("{FAE04EC0-301F-11D3-BF4B-00C04F79EFBC}") = "PALS.PLCWA2GW", "src\Services\PALS.PLCWA2GW\PALS.PLCWA2GW.csproj", "{1C610D5D-DC1C-44FC-B1F0-14D2D06CC12D}"
EndProject
Project("{FAE04EC0-301F-11D3-BF4B-00C04F79EFBC}") = "PALS.PLCWT1GW", "src\Services\PALS.PLCWT1GW\PALS.PLCWT1GW.csproj", "{44E0AEE7-8695-40F9-B4EA-E3543466ABD6}"
EndProject
Project("{FAE04EC0-301F-11D3-BF4B-00C04F79EFBC}") = "PALS.PLCWT2GW", "src\Services\PALS.PLCWT2GW\PALS.PLCWT2GW.csproj", "{1A6E2B8D-D96F-4234-A54E-E40C2C420346}"
EndProject
Global
	GlobalSection(SolutionConfigurationPlatforms) = preSolution
		Debug|Any CPU = Debug|Any CPU
		Release|Any CPU = Release|Any CPU
	EndGlobalSection
	GlobalSection(ProjectConfigurationPlatforms) = postSolution
		{93B10386-19F1-4F78-8B4E-E7EBBC95E516}.Debug|Any CPU.ActiveCfg = Debug|Any CPU
		{93B10386-19F1-4F78-8B4E-E7EBBC95E516}.Debug|Any CPU.Build.0 = Debug|Any CPU
		{93B10386-19F1-4F78-8B4E-E7EBBC95E516}.Release|Any CPU.ActiveCfg = Release|Any CPU
		{93B10386-19F1-4F78-8B4E-E7EBBC95E516}.Release|Any CPU.Build.0 = Release|Any CPU
		{0FFA4B55-23B1-457C-A394-08634019BB35}.Debug|Any CPU.ActiveCfg = Debug|Any CPU
		{0FFA4B55-23B1-457C-A394-08634019BB35}.Debug|Any CPU.Build.0 = Debug|Any CPU
		{0FFA4B55-23B1-457C-A394-08634019BB35}.Release|Any CPU.ActiveCfg = Release|Any CPU
		{0FFA4B55-23B1-457C-A394-08634019BB35}.Release|Any CPU.Build.0 = Release|Any CPU
		{11526248-E580-4A0F-B99B-624F7F7A7407}.Debug|Any CPU.ActiveCfg = Debug|Any CPU
		{11526248-E580-4A0F-B99B-624F7F7A7407}.Debug|Any CPU.Build.0 = Debug|Any CPU
		{11526248-E580-4A0F-B99B-624F7F7A7407}.Release|Any CPU.ActiveCfg = Release|Any CPU
		{11526248-E580-4A0F-B99B-624F7F7A7407}.Release|Any CPU.Build.0 = Release|Any CPU
		{01526324-97A4-46B5-A7D6-D2EFA739EDC4}.Debug|Any CPU.ActiveCfg = Debug|Any CPU
		{01526324-97A4-46B5-A7D6-D2EFA739EDC4}.Debug|Any CPU.Build.0 = Debug|Any CPU
		{01526324-97A4-46B5-A7D6-D2EFA739EDC4}.Release|Any CPU.ActiveCfg = Release|Any CPU
		{01526324-97A4-46B5-A7D6-D2EFA739EDC4}.Release|Any CPU.Build.0 = Release|Any CPU
		{BFFD800E-B304-4A5E-BF45-9F8FCF9A1045}.Debug|Any CPU.ActiveCfg = Debug|Any CPU
		{BFFD800E-B304-4A5E-BF45-9F8FCF9A1045}.Debug|Any CPU.Build.0 = Debug|Any CPU
		{BFFD800E-B304-4A5E-BF45-9F8FCF9A1045}.Release|Any CPU.ActiveCfg = Release|Any CPU
		{BFFD800E-B304-4A5E-BF45-9F8FCF9A1045}.Release|Any CPU.Build.0 = Release|Any CPU
		{3AFB7D51-7499-4740-8F0F-3EAEDA378C29}.Debug|Any CPU.ActiveCfg = Debug|Any CPU
		{3AFB7D51-7499-4740-8F0F-3EAEDA378C29}.Debug|Any CPU.Build.0 = Debug|Any CPU
		{3AFB7D51-7499-4740-8F0F-3EAEDA378C29}.Release|Any CPU.ActiveCfg = Release|Any CPU
		{3AFB7D51-7499-4740-8F0F-3EAEDA378C29}.Release|Any CPU.Build.0 = Release|Any CPU
		{822CC719-1CD2-41AE-9A80-9C8E5758B599}.Debug|Any CPU.ActiveCfg = Debug|Any CPU
		{822CC719-1CD2-41AE-9A80-9C8E5758B599}.Debug|Any CPU.Build.0 = Debug|Any CPU
		{822CC719-1CD2-41AE-9A80-9C8E5758B599}.Release|Any CPU.ActiveCfg = Release|Any CPU
		{822CC719-1CD2-41AE-9A80-9C8E5758B599}.Release|Any CPU.Build.0 = Release|Any CPU
		{CB7ECBFF-A4B0-4E8E-A462-F56088DA87B6}.Debug|Any CPU.ActiveCfg = Debug|Any CPU
		{CB7ECBFF-A4B0-4E8E-A462-F56088DA87B6}.Debug|Any CPU.Build.0 = Debug|Any CPU
		{CB7ECBFF-A4B0-4E8E-A462-F56088DA87B6}.Release|Any CPU.ActiveCfg = Release|Any CPU
		{CB7ECBFF-A4B0-4E8E-A462-F56088DA87B6}.Release|Any CPU.Build.0 = Release|Any CPU
		{24B859F7-E952-49F3-AA85-2FDF039AFCEF}.Debug|Any CPU.ActiveCfg = Debug|Any CPU
		{24B859F7-E952-49F3-AA85-2FDF039AFCEF}.Debug|Any CPU.Build.0 = Debug|Any CPU
		{24B859F7-E952-49F3-AA85-2FDF039AFCEF}.Release|Any CPU.ActiveCfg = Release|Any CPU
		{24B859F7-E952-49F3-AA85-2FDF039AFCEF}.Release|Any CPU.Build.0 = Release|Any CPU
		{7BFA0D99-B49A-4B2D-9AE0-C4105E38ACEF}.Debug|Any CPU.ActiveCfg = Debug|Any CPU
		{7BFA0D99-B49A-4B2D-9AE0-C4105E38ACEF}.Debug|Any CPU.Build.0 = Debug|Any CPU
		{7BFA0D99-B49A-4B2D-9AE0-C4105E38ACEF}.Release|Any CPU.ActiveCfg = Release|Any CPU
		{7BFA0D99-B49A-4B2D-9AE0-C4105E38ACEF}.Release|Any CPU.Build.0 = Release|Any CPU
		{CAC8D697-71CF-4B1D-9555-E1DC82FFE5F5}.Debug|Any CPU.ActiveCfg = Debug|Any CPU
		{CAC8D697-71CF-4B1D-9555-E1DC82FFE5F5}.Debug|Any CPU.Build.0 = Debug|Any CPU
		{CAC8D697-71CF-4B1D-9555-E1DC82FFE5F5}.Release|Any CPU.ActiveCfg = Release|Any CPU
		{CAC8D697-71CF-4B1D-9555-E1DC82FFE5F5}.Release|Any CPU.Build.0 = Release|Any CPU
		{8B967B28-2656-4507-8B5C-A50839051111}.Debug|Any CPU.ActiveCfg = Debug|Any CPU
		{8B967B28-2656-4507-8B5C-A50839051111}.Debug|Any CPU.Build.0 = Debug|Any CPU
		{8B967B28-2656-4507-8B5C-A50839051111}.Release|Any CPU.ActiveCfg = Release|Any CPU
		{8B967B28-2656-4507-8B5C-A50839051111}.Release|Any CPU.Build.0 = Release|Any CPU
		{AD070F94-A59E-476C-B60D-D7839BAB1206}.Debug|Any CPU.ActiveCfg = Debug|Any CPU
		{AD070F94-A59E-476C-B60D-D7839BAB1206}.Debug|Any CPU.Build.0 = Debug|Any CPU
		{AD070F94-A59E-476C-B60D-D7839BAB1206}.Release|Any CPU.ActiveCfg = Release|Any CPU
		{AD070F94-A59E-476C-B60D-D7839BAB1206}.Release|Any CPU.Build.0 = Release|Any CPU
		{3A0D34F3-7656-4AFF-9AA0-2BEFA23E26EF}.Debug|Any CPU.ActiveCfg = Debug|Any CPU
		{3A0D34F3-7656-4AFF-9AA0-2BEFA23E26EF}.Debug|Any CPU.Build.0 = Debug|Any CPU
		{3A0D34F3-7656-4AFF-9AA0-2BEFA23E26EF}.Release|Any CPU.ActiveCfg = Release|Any CPU
		{3A0D34F3-7656-4AFF-9AA0-2BEFA23E26EF}.Release|Any CPU.Build.0 = Release|Any CPU
		{CFA0C980-34D6-4F91-8D77-BEFA7D7A3331}.Debug|Any CPU.ActiveCfg = Debug|Any CPU
		{CFA0C980-34D6-4F91-8D77-BEFA7D7A3331}.Debug|Any CPU.Build.0 = Debug|Any CPU
		{CFA0C980-34D6-4F91-8D77-BEFA7D7A3331}.Release|Any CPU.ActiveCfg = Release|Any CPU
		{CFA0C980-34D6-4F91-8D77-BEFA7D7A3331}.Release|Any CPU.Build.0 = Release|Any CPU
		{7A500DE0-FF53-4827-85F4-F72C0EE71326}.Debug|Any CPU.ActiveCfg = Debug|Any CPU
		{7A500DE0-FF53-4827-85F4-F72C0EE71326}.Debug|Any CPU.Build.0 = Debug|Any CPU
		{7A500DE0-FF53-4827-85F4-F72C0EE71326}.Release|Any CPU.ActiveCfg = Release|Any CPU
		{7A500DE0-FF53-4827-85F4-F72C0EE71326}.Release|Any CPU.Build.0 = Release|Any CPU
		{2DF4F1A9-DE89-43BC-B8A0-D1B541852633}.Debug|Any CPU.ActiveCfg = Debug|Any CPU
		{2DF4F1A9-DE89-43BC-B8A0-D1B541852633}.Debug|Any CPU.Build.0 = Debug|Any CPU
		{2DF4F1A9-DE89-43BC-B8A0-D1B541852633}.Release|Any CPU.ActiveCfg = Release|Any CPU
		{2DF4F1A9-DE89-43BC-B8A0-D1B541852633}.Release|Any CPU.Build.0 = Release|Any CPU
		{E8800302-13C7-4B43-9B0E-4C1C96E45E52}.Debug|Any CPU.ActiveCfg = Debug|Any CPU
		{E8800302-13C7-4B43-9B0E-4C1C96E45E52}.Debug|Any CPU.Build.0 = Debug|Any CPU
		{E8800302-13C7-4B43-9B0E-4C1C96E45E52}.Release|Any CPU.ActiveCfg = Release|Any CPU
		{E8800302-13C7-4B43-9B0E-4C1C96E45E52}.Release|Any CPU.Build.0 = Release|Any CPU
		{A6B4A9B0-024D-4A9F-8B6F-9226F587943D}.Debug|Any CPU.ActiveCfg = Debug|Any CPU
		{A6B4A9B0-024D-4A9F-8B6F-9226F587943D}.Debug|Any CPU.Build.0 = Debug|Any CPU
		{A6B4A9B0-024D-4A9F-8B6F-9226F587943D}.Release|Any CPU.ActiveCfg = Release|Any CPU
		{A6B4A9B0-024D-4A9F-8B6F-9226F587943D}.Release|Any CPU.Build.0 = Release|Any CPU
		{B3C057B5-FDCA-451D-8019-F2CAB68E908F}.Debug|Any CPU.ActiveCfg = Debug|Any CPU
		{B3C057B5-FDCA-451D-8019-F2CAB68E908F}.Debug|Any CPU.Build.0 = Debug|Any CPU
		{B3C057B5-FDCA-451D-8019-F2CAB68E908F}.Release|Any CPU.ActiveCfg = Release|Any CPU
		{B3C057B5-FDCA-451D-8019-F2CAB68E908F}.Release|Any CPU.Build.0 = Release|Any CPU
		{F4E47865-668A-4362-9201-6EDD31393F39}.Debug|Any CPU.ActiveCfg = Debug|Any CPU
		{F4E47865-668A-4362-9201-6EDD31393F39}.Debug|Any CPU.Build.0 = Debug|Any CPU
		{F4E47865-668A-4362-9201-6EDD31393F39}.Release|Any CPU.ActiveCfg = Release|Any CPU
		{F4E47865-668A-4362-9201-6EDD31393F39}.Release|Any CPU.Build.0 = Release|Any CPU
		{FB39C04E-5E9D-4A69-9022-8743FB1A3B95}.Debug|Any CPU.ActiveCfg = Debug|Any CPU
		{FB39C04E-5E9D-4A69-9022-8743FB1A3B95}.Debug|Any CPU.Build.0 = Debug|Any CPU
		{FB39C04E-5E9D-4A69-9022-8743FB1A3B95}.Release|Any CPU.ActiveCfg = Release|Any CPU
		{FB39C04E-5E9D-4A69-9022-8743FB1A3B95}.Release|Any CPU.Build.0 = Release|Any CPU
		{F6EED96F-8169-4E4D-AFA7-EFA00B4DFC21}.Debug|Any CPU.ActiveCfg = Debug|Any CPU
		{F6EED96F-8169-4E4D-AFA7-EFA00B4DFC21}.Debug|Any CPU.Build.0 = Debug|Any CPU
		{F6EED96F-8169-4E4D-AFA7-EFA00B4DFC21}.Release|Any CPU.ActiveCfg = Release|Any CPU
		{F6EED96F-8169-4E4D-AFA7-EFA00B4DFC21}.Release|Any CPU.Build.0 = Release|Any CPU
		{E43A50C9-F125-4B80-A26E-4135E2551537}.Debug|Any CPU.ActiveCfg = Debug|Any CPU
		{E43A50C9-F125-4B80-A26E-4135E2551537}.Debug|Any CPU.Build.0 = Debug|Any CPU
		{E43A50C9-F125-4B80-A26E-4135E2551537}.Release|Any CPU.ActiveCfg = Release|Any CPU
		{E43A50C9-F125-4B80-A26E-4135E2551537}.Release|Any CPU.Build.0 = Release|Any CPU
		{1C610D5D-DC1C-44FC-B1F0-14D2D06CC12D}.Debug|Any CPU.ActiveCfg = Debug|Any CPU
		{1C610D5D-DC1C-44FC-B1F0-14D2D06CC12D}.Debug|Any CPU.Build.0 = Debug|Any CPU
		{1C610D5D-DC1C-44FC-B1F0-14D2D06CC12D}.Release|Any CPU.ActiveCfg = Release|Any CPU
		{1C610D5D-DC1C-44FC-B1F0-14D2D06CC12D}.Release|Any CPU.Build.0 = Release|Any CPU
		{44E0AEE7-8695-40F9-B4EA-E3543466ABD6}.Debug|Any CPU.ActiveCfg = Debug|Any CPU
		{44E0AEE7-8695-40F9-B4EA-E3543466ABD6}.Debug|Any CPU.Build.0 = Debug|Any CPU
		{44E0AEE7-8695-40F9-B4EA-E3543466ABD6}.Release|Any CPU.ActiveCfg = Release|Any CPU
		{44E0AEE7-8695-40F9-B4EA-E3543466ABD6}.Release|Any CPU.Build.0 = Release|Any CPU
		{1A6E2B8D-D96F-4234-A54E-E40C2C420346}.Debug|Any CPU.ActiveCfg = Debug|Any CPU
		{1A6E2B8D-D96F-4234-A54E-E40C2C420346}.Debug|Any CPU.Build.0 = Debug|Any CPU
		{1A6E2B8D-D96F-4234-A54E-E40C2C420346}.Release|Any CPU.ActiveCfg = Release|Any CPU
		{1A6E2B8D-D96F-4234-A54E-E40C2C420346}.Release|Any CPU.Build.0 = Release|Any CPU
	EndGlobalSection
	GlobalSection(SolutionProperties) = preSolution
		HideSolutionNode = FALSE
	EndGlobalSection
	GlobalSection(NestedProjects) = preSolution
		{17790B59-F9C3-4E44-84B8-286B6D82FEDC} = {9F95D00A-A35E-4A14-8768-42039A026B9C}
		{34F45B7B-7848-4EC6-AD42-0170481D9A5C} = {9F95D00A-A35E-4A14-8768-42039A026B9C}
		{C3643E4F-502B-408F-BE3F-1375317E89B4} = {640B27BB-4E71-4547-8330-75B0A331F78C}
		{42BC7694-30D5-4908-9E4E-36D5AF41AC93} = {640B27BB-4E71-4547-8330-75B0A331F78C}
		{0FFA4B55-23B1-457C-A394-08634019BB35} = {DE2E8B16-8553-4AA0-A833-9A58C98CDC8A}
		{11526248-E580-4A0F-B99B-624F7F7A7407} = {DE2E8B16-8553-4AA0-A833-9A58C98CDC8A}
		{01526324-97A4-46B5-A7D6-D2EFA739EDC4} = {17790B59-F9C3-4E44-84B8-286B6D82FEDC}
		{3AFB7D51-7499-4740-8F0F-3EAEDA378C29} = {17790B59-F9C3-4E44-84B8-286B6D82FEDC}
		{822CC719-1CD2-41AE-9A80-9C8E5758B599} = {17790B59-F9C3-4E44-84B8-286B6D82FEDC}
		{CB7ECBFF-A4B0-4E8E-A462-F56088DA87B6} = {17790B59-F9C3-4E44-84B8-286B6D82FEDC}
		{24B859F7-E952-49F3-AA85-2FDF039AFCEF} = {17790B59-F9C3-4E44-84B8-286B6D82FEDC}
		{7BFA0D99-B49A-4B2D-9AE0-C4105E38ACEF} = {17790B59-F9C3-4E44-84B8-286B6D82FEDC}
		{CAC8D697-71CF-4B1D-9555-E1DC82FFE5F5} = {17790B59-F9C3-4E44-84B8-286B6D82FEDC}
		{8B967B28-2656-4507-8B5C-A50839051111} = {17790B59-F9C3-4E44-84B8-286B6D82FEDC}
		{AD070F94-A59E-476C-B60D-D7839BAB1206} = {17790B59-F9C3-4E44-84B8-286B6D82FEDC}
		{3A0D34F3-7656-4AFF-9AA0-2BEFA23E26EF} = {17790B59-F9C3-4E44-84B8-286B6D82FEDC}
		{CFA0C980-34D6-4F91-8D77-BEFA7D7A3331} = {17790B59-F9C3-4E44-84B8-286B6D82FEDC}
		{7A500DE0-FF53-4827-85F4-F72C0EE71326} = {17790B59-F9C3-4E44-84B8-286B6D82FEDC}
		{2DF4F1A9-DE89-43BC-B8A0-D1B541852633} = {17790B59-F9C3-4E44-84B8-286B6D82FEDC}
		{E8800302-13C7-4B43-9B0E-4C1C96E45E52} = {17790B59-F9C3-4E44-84B8-286B6D82FEDC}
		{A6B4A9B0-024D-4A9F-8B6F-9226F587943D} = {17790B59-F9C3-4E44-84B8-286B6D82FEDC}
		{B3C057B5-FDCA-451D-8019-F2CAB68E908F} = {17790B59-F9C3-4E44-84B8-286B6D82FEDC}
		{F4E47865-668A-4362-9201-6EDD31393F39} = {17790B59-F9C3-4E44-84B8-286B6D82FEDC}
		{FB39C04E-5E9D-4A69-9022-8743FB1A3B95} = {17790B59-F9C3-4E44-84B8-286B6D82FEDC}
		{F6EED96F-8169-4E4D-AFA7-EFA00B4DFC21} = {17790B59-F9C3-4E44-84B8-286B6D82FEDC}
		{E43A50C9-F125-4B80-A26E-4135E2551537} = {17790B59-F9C3-4E44-84B8-286B6D82FEDC}
		{1C610D5D-DC1C-44FC-B1F0-14D2D06CC12D} = {17790B59-F9C3-4E44-84B8-286B6D82FEDC}
		{44E0AEE7-8695-40F9-B4EA-E3543466ABD6} = {17790B59-F9C3-4E44-84B8-286B6D82FEDC}
		{1A6E2B8D-D96F-4234-A54E-E40C2C420346} = {17790B59-F9C3-4E44-84B8-286B6D82FEDC}
		{93B10386-19F1-4F78-8B4E-E7EBBC95E516} = {34F45B7B-7848-4EC6-AD42-0170481D9A5C}
		{BFFD800E-B304-4A5E-BF45-9F8FCF9A1045} = {34F45B7B-7848-4EC6-AD42-0170481D9A5C}
	EndGlobalSection
EndGlobal
